
Microsoft Visual Studio Solution File, Format Version 12.00
# Visual Studio Version 17
VisualStudioVersion = 17.8.34316.72
MinimumVisualStudioVersion = 10.0.40219.1
Project("{C9674DCB-5085-4A16-B785-4C70DD1589BD}") = "STG_DIM_CUSTOMERS_DM_NVIDIA", "STG_DIM_CUSTOMERS_DM_NVIDIA\STG_DIM_CUSTOMERS_DM_NVIDIA.dtproj", "{43D1EA85-6811-40E3-AA20-A065BDAFF287}"
EndProject
Global
	GlobalSection(SolutionConfigurationPlatforms) = preSolution
		Development|Default = Development|Default
	EndGlobalSection
	GlobalSection(ProjectConfigurationPlatforms) = postSolution
		{43D1EA85-6811-40E3-AA20-A065BDAFF287}.Development|Default.ActiveCfg = Development
		{43D1EA85-6811-40E3-AA20-A065BDAFF287}.Development|Default.Build.0 = Development
	EndGlobalSection
	GlobalSection(SolutionProperties) = preSolution
		HideSolutionNode = FALSE
	EndGlobalSection
	GlobalSection(ExtensibilityGlobals) = postSolution
		SolutionGuid = {BF5F54DF-BD88-4986-B1C7-73C95BBE7E91}
	EndGlobalSection
EndGlobal
